
Microsoft Visual Studio Solution File, Format Version 12.00
# Visual Studio Version 16
VisualStudioVersion = 16.0.29911.84
MinimumVisualStudioVersion = 10.0.40219.1
Project("{FAE04EC0-301F-11D3-BF4B-00C04F79EFBC}") = "FleetManagement", "FleetManagement\FleetManagement.csproj", "{1F3A31C3-AF3C-43BA-BF17-E5679F3257D3}"
EndProject
Global
	GlobalSection(SolutionConfigurationPlatforms) = preSolution
		Debug|Any CPU = Debug|Any CPU
		Release|Any CPU = Release|Any CPU
	EndGlobalSection
	GlobalSection(ProjectConfigurationPlatforms) = postSolution
		{1F3A31C3-AF3C-43BA-BF17-E5679F3257D3}.Debug|Any CPU.ActiveCfg = Debug|Any CPU
		{1F3A31C3-AF3C-43BA-BF17-E5679F3257D3}.Debug|Any CPU.Build.0 = Debug|Any CPU
		{1F3A31C3-AF3C-43BA-BF17-E5679F3257D3}.Release|Any CPU.ActiveCfg = Release|Any CPU
		{1F3A31C3-AF3C-43BA-BF17-E5679F3257D3}.Release|Any CPU.Build.0 = Release|Any CPU
	EndGlobalSection
	GlobalSection(SolutionProperties) = preSolution
		HideSolutionNode = FALSE
	EndGlobalSection
	GlobalSection(ExtensibilityGlobals) = postSolution
		SolutionGuid = {7CA78CDA-E064-47D1-A0C2-33B83EFD25E4}
	EndGlobalSection
EndGlobal
